
Microsoft Visual Studio Solution File, Format Version 12.00
# Visual Studio Version 17
VisualStudioVersion = 17.7.34302.85
MinimumVisualStudioVersion = 10.0.40219.1
Project("{2150E333-8FDC-42A3-9474-1A3956D46DE8}") = "FrontEnd", "FrontEnd", "{73F921A7-77BF-4E75-A79C-4C4267BA6646}"
EndProject
Project("{9A19103F-16F7-4668-BE54-9A1E7A4F7556}") = "Mango.Web", "Mango.Web\Mango.Web.csproj", "{474D6CE8-8753-49F3-9F83-FB263CD7FA70}"
EndProject
Project("{2150E333-8FDC-42A3-9474-1A3956D46DE8}") = "Services", "Services", "{83E5875D-E196-4E21-BE47-9448FD1A28F7}"
EndProject
Project("{9A19103F-16F7-4668-BE54-9A1E7A4F7556}") = "Mango.Services.ProductAPI", "Mango.Services.ProductAPI\Mango.Services.ProductAPI.csproj", "{C84297D2-A45D-4E3A-AC7F-A20CEB90FFFF}"
EndProject
Project("{9A19103F-16F7-4668-BE54-9A1E7A4F7556}") = "Mango.Services.Identity", "Mango.Services.Identity\Mango.Services.Identity.csproj", "{BEFA15D4-C613-4ABB-8F43-986842C47BE4}"
EndProject
Project("{9A19103F-16F7-4668-BE54-9A1E7A4F7556}") = "Mango.Services.ShoppingCartAPI", "Mango.Services.ShoppingCart\Mango.Services.ShoppingCartAPI.csproj", "{3CC29FE3-3BB4-448E-994D-3422F2EF334F}"
EndProject
Project("{9A19103F-16F7-4668-BE54-9A1E7A4F7556}") = "Mango.Services.CouponAPI", "Mango.Services.CouponAPI\Mango.Services.CouponAPI.csproj", "{3731F8F8-5182-41D3-8D09-B4FB0353DD7B}"
EndProject
Project("{2150E333-8FDC-42A3-9474-1A3956D46DE8}") = "Integration", "Integration", "{93AAE56C-4C2C-45F4-A159-C9E8CA2443C6}"
EndProject
Project("{9A19103F-16F7-4668-BE54-9A1E7A4F7556}") = "Mango.MessageBus", "Mango.MessageBus\Mango.MessageBus.csproj", "{053C8C66-29AA-4601-9D84-F73E2EF930A0}"
EndProject
Project("{9A19103F-16F7-4668-BE54-9A1E7A4F7556}") = "Mango.Services.OrderAPI", "Mango.Services.OrderAPI\Mango.Services.OrderAPI.csproj", "{B6B92CA8-F3FF-4C8C-837F-66CD7CB76878}"
EndProject
Project("{2150E333-8FDC-42A3-9474-1A3956D46DE8}") = "Payments", "Payments", "{47C0AB68-4CB7-4D0D-AD61-A350212E274A}"
EndProject
Project("{FAE04EC0-301F-11D3-BF4B-00C04F79EFBC}") = "PaymentProcessor", "PaymentProcessor\PaymentProcessor.csproj", "{F3D67DD0-6190-4662-BBA7-35792792A6DC}"
EndProject
Global
	GlobalSection(SolutionConfigurationPlatforms) = preSolution
		Debug|Any CPU = Debug|Any CPU
		Release|Any CPU = Release|Any CPU
	EndGlobalSection
	GlobalSection(ProjectConfigurationPlatforms) = postSolution
		{474D6CE8-8753-49F3-9F83-FB263CD7FA70}.Debug|Any CPU.ActiveCfg = Debug|Any CPU
		{474D6CE8-8753-49F3-9F83-FB263CD7FA70}.Debug|Any CPU.Build.0 = Debug|Any CPU
		{474D6CE8-8753-49F3-9F83-FB263CD7FA70}.Release|Any CPU.ActiveCfg = Release|Any CPU
		{474D6CE8-8753-49F3-9F83-FB263CD7FA70}.Release|Any CPU.Build.0 = Release|Any CPU
		{C84297D2-A45D-4E3A-AC7F-A20CEB90FFFF}.Debug|Any CPU.ActiveCfg = Debug|Any CPU
		{C84297D2-A45D-4E3A-AC7F-A20CEB90FFFF}.Debug|Any CPU.Build.0 = Debug|Any CPU
		{C84297D2-A45D-4E3A-AC7F-A20CEB90FFFF}.Release|Any CPU.ActiveCfg = Release|Any CPU
		{C84297D2-A45D-4E3A-AC7F-A20CEB90FFFF}.Release|Any CPU.Build.0 = Release|Any CPU
		{BEFA15D4-C613-4ABB-8F43-986842C47BE4}.Debug|Any CPU.ActiveCfg = Debug|Any CPU
		{BEFA15D4-C613-4ABB-8F43-986842C47BE4}.Debug|Any CPU.Build.0 = Debug|Any CPU
		{BEFA15D4-C613-4ABB-8F43-986842C47BE4}.Release|Any CPU.ActiveCfg = Release|Any CPU
		{BEFA15D4-C613-4ABB-8F43-986842C47BE4}.Release|Any CPU.Build.0 = Release|Any CPU
		{3CC29FE3-3BB4-448E-994D-3422F2EF334F}.Debug|Any CPU.ActiveCfg = Debug|Any CPU
		{3CC29FE3-3BB4-448E-994D-3422F2EF334F}.Debug|Any CPU.Build.0 = Debug|Any CPU
		{3CC29FE3-3BB4-448E-994D-3422F2EF334F}.Release|Any CPU.ActiveCfg = Release|Any CPU
		{3CC29FE3-3BB4-448E-994D-3422F2EF334F}.Release|Any CPU.Build.0 = Release|Any CPU
		{3731F8F8-5182-41D3-8D09-B4FB0353DD7B}.Debug|Any CPU.ActiveCfg = Debug|Any CPU
		{3731F8F8-5182-41D3-8D09-B4FB0353DD7B}.Debug|Any CPU.Build.0 = Debug|Any CPU
		{3731F8F8-5182-41D3-8D09-B4FB0353DD7B}.Release|Any CPU.ActiveCfg = Release|Any CPU
		{3731F8F8-5182-41D3-8D09-B4FB0353DD7B}.Release|Any CPU.Build.0 = Release|Any CPU
		{053C8C66-29AA-4601-9D84-F73E2EF930A0}.Debug|Any CPU.ActiveCfg = Debug|Any CPU
		{053C8C66-29AA-4601-9D84-F73E2EF930A0}.Debug|Any CPU.Build.0 = Debug|Any CPU
		{053C8C66-29AA-4601-9D84-F73E2EF930A0}.Release|Any CPU.ActiveCfg = Release|Any CPU
		{053C8C66-29AA-4601-9D84-F73E2EF930A0}.Release|Any CPU.Build.0 = Release|Any CPU
		{B6B92CA8-F3FF-4C8C-837F-66CD7CB76878}.Debug|Any CPU.ActiveCfg = Debug|Any CPU
		{B6B92CA8-F3FF-4C8C-837F-66CD7CB76878}.Debug|Any CPU.Build.0 = Debug|Any CPU
		{B6B92CA8-F3FF-4C8C-837F-66CD7CB76878}.Release|Any CPU.ActiveCfg = Release|Any CPU
		{B6B92CA8-F3FF-4C8C-837F-66CD7CB76878}.Release|Any CPU.Build.0 = Release|Any CPU
		{F3D67DD0-6190-4662-BBA7-35792792A6DC}.Debug|Any CPU.ActiveCfg = Debug|Any CPU
		{F3D67DD0-6190-4662-BBA7-35792792A6DC}.Debug|Any CPU.Build.0 = Debug|Any CPU
		{F3D67DD0-6190-4662-BBA7-35792792A6DC}.Release|Any CPU.ActiveCfg = Release|Any CPU
		{F3D67DD0-6190-4662-BBA7-35792792A6DC}.Release|Any CPU.Build.0 = Release|Any CPU
	EndGlobalSection
	GlobalSection(SolutionProperties) = preSolution
		HideSolutionNode = FALSE
	EndGlobalSection
	GlobalSection(NestedProjects) = preSolution
		{474D6CE8-8753-49F3-9F83-FB263CD7FA70} = {73F921A7-77BF-4E75-A79C-4C4267BA6646}
		{C84297D2-A45D-4E3A-AC7F-A20CEB90FFFF} = {83E5875D-E196-4E21-BE47-9448FD1A28F7}
		{BEFA15D4-C613-4ABB-8F43-986842C47BE4} = {83E5875D-E196-4E21-BE47-9448FD1A28F7}
		{3CC29FE3-3BB4-448E-994D-3422F2EF334F} = {83E5875D-E196-4E21-BE47-9448FD1A28F7}
		{3731F8F8-5182-41D3-8D09-B4FB0353DD7B} = {83E5875D-E196-4E21-BE47-9448FD1A28F7}
		{053C8C66-29AA-4601-9D84-F73E2EF930A0} = {93AAE56C-4C2C-45F4-A159-C9E8CA2443C6}
		{B6B92CA8-F3FF-4C8C-837F-66CD7CB76878} = {83E5875D-E196-4E21-BE47-9448FD1A28F7}
		{F3D67DD0-6190-4662-BBA7-35792792A6DC} = {47C0AB68-4CB7-4D0D-AD61-A350212E274A}
	EndGlobalSection
	GlobalSection(ExtensibilityGlobals) = postSolution
		SolutionGuid = {5ED55A03-1869-4C13-9E88-6EBEE547516B}
	EndGlobalSection
EndGlobal
